// !$*UTF8*$!
{
	archiveVersion = 1;
	classes = {
	};
	objectVersion = 50;
	objects = {

/* Begin PBXBuildFile section */
		C81131ED22E2F9EC008DCEDA /* AppDelegate.swift in Sources */ = {isa = PBXBuildFile; fileRef = C81131EC22E2F9EC008DCEDA /* AppDelegate.swift */; };
		C81131EF22E2F9EC008DCEDA /* SceneDelegate.swift in Sources */ = {isa = PBXBuildFile; fileRef = C81131EE22E2F9EC008DCEDA /* SceneDelegate.swift */; };
		C81131F122E2F9EC008DCEDA /* ViewController.swift in Sources */ = {isa = PBXBuildFile; fileRef = C81131F022E2F9EC008DCEDA /* ViewController.swift */; };
		C81131F422E2F9EC008DCEDA /* Main.storyboard in Resources */ = {isa = PBXBuildFile; fileRef = C81131F222E2F9EC008DCEDA /* Main.storyboard */; };
		C81131F622E2F9F2008DCEDA /* Assets.xcassets in Resources */ = {isa = PBXBuildFile; fileRef = C81131F522E2F9F2008DCEDA /* Assets.xcassets */; };
		C81131F922E2F9F2008DCEDA /* LaunchScreen.storyboard in Resources */ = {isa = PBXBuildFile; fileRef = C81131F722E2F9F2008DCEDA /* LaunchScreen.storyboard */; };
/* End PBXBuildFile section */

/* Begin PBXFileReference section */
		C81131E922E2F9EC008DCEDA /* UIContextMenu.app */ = {isa = PBXFileReference; explicitFileType = wrapper.application; includeInIndex = 0; path = UIContextMenu.app; sourceTree = BUILT_PRODUCTS_DIR; };
		C81131EC22E2F9EC008DCEDA /* AppDelegate.swift */ = {isa = PBXFileReference; lastKnownFileType = sourcecode.swift; path = AppDelegate.swift; sourceTree = "<group>"; };
		C81131EE22E2F9EC008DCEDA /* SceneDelegate.swift */ = {isa = PBXFileReference; lastKnownFileType = sourcecode.swift; path = SceneDelegate.swift; sourceTree = "<group>"; };
		C81131F022E2F9EC008DCEDA /* ViewController.swift */ = {isa = PBXFileReference; lastKnownFileType = sourcecode.swift; path = ViewController.swift; sourceTree = "<group>"; };
		C81131F322E2F9EC008DCEDA /* Base */ = {isa = PBXFileReference; lastKnownFileType = file.storyboard; name = Base; path = Base.lproj/Main.storyboard; sourceTree = "<group>"; };
		C81131F522E2F9F2008DCEDA /* Assets.xcassets */ = {isa = PBXFileReference; lastKnownFileType = folder.assetcatalog; path = Assets.xcassets; sourceTree = "<group>"; };
		C81131F822E2F9F2008DCEDA /* Base */ = {isa = PBXFileReference; lastKnownFileType = file.storyboard; name = Base; path = Base.lproj/LaunchScreen.storyboard; sourceTree = "<group>"; };
		C81131FA22E2F9F2008DCEDA /* Info.plist */ = {isa = PBXFileReference; lastKnownFileType = text.plist.xml; path = Info.plist; sourceTree = "<group>"; };
/* End PBXFileReference section */

/* Begin PBXFrameworksBuildPhase section */
		C81131E622E2F9EC008DCEDA /* Frameworks */ = {
			isa = PBXFrameworksBuildPhase;
			buildActionMask = 2147483647;
			files = (
			);
			runOnlyForDeploymentPostprocessing = 0;
		};
/* End PBXFrameworksBuildPhase section */

/* Begin PBXGroup section */
		C81131E022E2F9EC008DCEDA = {
			isa = PBXGroup;
			children = (
				C81131EB22E2F9EC008DCEDA /* UIContextMenu */,
				C81131EA22E2F9EC008DCEDA /* Products */,
			);
			sourceTree = "<group>";
		};
		C81131EA22E2F9EC008DCEDA /* Products */ = {
			isa = PBXGroup;
			children = (
				C81131E922E2F9EC008DCEDA /* UIContextMenu.app */,
			);
			name = Products;
			sourceTree = "<group>";
		};
		C81131EB22E2F9EC008DCEDA /* UIContextMenu */ = {
			isa = PBXGroup;
			children = (
				C81131EC22E2F9EC008DCEDA /* AppDelegate.swift */,
				C81131EE22E2F9EC008DCEDA /* SceneDelegate.swift */,
				C81131F022E2F9EC008DCEDA /* ViewController.swift */,
				C81131F222E2F9EC008DCEDA /* Main.storyboard */,
				C81131F522E2F9F2008DCEDA /* Assets.xcassets */,
				C81131F722E2F9F2008DCEDA /* LaunchScreen.storyboard */,
				C81131FA22E2F9F2008DCEDA /* Info.plist */,
			);
			path = UIContextMenu;
			sourceTree = "<group>";
		};
/* End PBXGroup section */

/* Begin PBXNativeTarget section */
		C81131E822E2F9EC008DCEDA /* UIContextMenu */ = {
			isa = PBXNativeTarget;
			buildConfigurationList = C81131FD22E2F9F2008DCEDA /* Build configuration list for PBXNativeTarget "UIContextMenu" */;
			buildPhases = (
				C81131E522E2F9EC008DCEDA /* Sources */,
				C81131E622E2F9EC008DCEDA /* Frameworks */,
				C81131E722E2F9EC008DCEDA /* Resources */,
			);
			buildRules = (
			);
			dependencies = (
			);
			name = UIContextMenu;
			productName = UIContextMenu;
			productReference = C81131E922E2F9EC008DCEDA /* UIContextMenu.app */;
			productType = "com.apple.product-type.application";
		};
/* End PBXNativeTarget section */

/* Begin PBXProject section */
		C81131E122E2F9EC008DCEDA /* Project object */ = {
			isa = PBXProject;
			attributes = {
				LastSwiftUpdateCheck = 1100;
				LastUpgradeCheck = 1100;
				ORGANIZATIONNAME = "Augmented Code";
				TargetAttributes = {
					C81131E822E2F9EC008DCEDA = {
						CreatedOnToolsVersion = 11.0;
					};
				};
			};
			buildConfigurationList = C81131E422E2F9EC008DCEDA /* Build configuration list for PBXProject "UIContextMenu" */;
			compatibilityVersion = "Xcode 9.3";
			developmentRegion = en;
			hasScannedForEncodings = 0;
			knownRegions = (
				en,
				Base,
			);
			mainGroup = C81131E022E2F9EC008DCEDA;
			productRefGroup = C81131EA22E2F9EC008DCEDA /* Products */;
			projectDirPath = "";
			projectRoot = "";
			targets = (
				C81131E822E2F9EC008DCEDA /* UIContextMenu */,
			);
		};
/* End PBXProject section */

/* Begin PBXResourcesBuildPhase section */
		C81131E722E2F9EC008DCEDA /* Resources */ = {
			isa = PBXResourcesBuildPhase;
			buildActionMask = 2147483647;
			files = (
				C81131F922E2F9F2008DCEDA /* LaunchScreen.storyboard in Resources */,
				C81131F622E2F9F2008DCEDA /* Assets.xcassets in Resources */,
				C81131F422E2F9EC008DCEDA /* Main.storyboard in Resources */,
			);
			runOnlyForDeploymentPostprocessing = 0;
		};
/* End PBXResourcesBuildPhase section */

/* Begin PBXSourcesBuildPhase section */
		C81131E522E2F9EC008DCEDA /* Sources */ = {
			isa = PBXSourcesBuildPhase;
			buildActionMask = 2147483647;
			files = (
				C81131F122E2F9EC008DCEDA /* ViewController.swift in Sources */,
				C81131ED22E2F9EC008DCEDA /* AppDelegate.swift in Sources */,
				C81131EF22E2F9EC008DCEDA /* SceneDelegate.swift in Sources */,
			);
			runOnlyForDeploymentPostprocessing = 0;
		};
/* End PBXSourcesBuildPhase section */

/* Begin PBXVariantGroup section */
		C81131F222E2F9EC008DCEDA /* Main.storyboard */ = {
			isa = PBXVariantGroup;
			children = (
				C81131F322E2F9EC008DCEDA /* Base */,
			);
			name = Main.storyboard;
			sourceTree = "<group>";
		};
		C81131F722E2F9F2008DCEDA /* LaunchScreen.storyboard */ = {
			isa = PBXVariantGroup;
			children = (
				C81131F822E2F9F2008DCEDA /* Base */,
			);
			name = LaunchScreen.storyboard;
			sourceTree = "<group>";
		};
/* End PBXVariantGroup section */

/* Begin XCBuildConfiguration section */
		C81131FB22E2F9F2008DCEDA /* Debug */ = {
			isa = XCBuildConfiguration;
			buildSettings = {
				ALWAYS_SEARCH_USER_PATHS = NO;
				CLANG_ANALYZER_NONNULL = YES;
				CLANG_ANALYZER_NUMBER_OBJECT_CONVERSION = YES_AGGRESSIVE;
				CLANG_CXX_LANGUAGE_STANDARD = "gnu++14";
				CLANG_CXX_LIBRARY = "libc++";
				CLANG_ENABLE_MODULES = YES;
				CLANG_ENABLE_OBJC_ARC = YES;
				CLANG_ENABLE_OBJC_WEAK = YES;
				CLANG_WARN_BLOCK_CAPTURE_AUTORELEASING = YES;
				CLANG_WARN_BOOL_CONVERSION = YES;
				CLANG_WARN_COMMA = YES;
				CLANG_WARN_CONSTANT_CONVERSION = YES;
				CLANG_WARN_DEPRECATED_OBJC_IMPLEMENTATIONS = YES;
				CLANG_WARN_DIRECT_OBJC_ISA_USAGE = YES_ERROR;
				CLANG_WARN_DOCUMENTATION_COMMENTS = YES;
				CLANG_WARN_EMPTY_BODY = YES;
				CLANG_WARN_ENUM_CONVERSION = YES;
				CLANG_WARN_INFINITE_RECURSION = YES;
				CLANG_WARN_INT_CONVERSION = YES;
				CLANG_WARN_NON_LITERAL_NULL_CONVERSION = YES;
				CLANG_WARN_OBJC_IMPLICIT_RETAIN_SELF = YES;
				CLANG_WARN_OBJC_LITERAL_CONVERSION = YES;
				CLANG_WARN_OBJC_ROOT_CLASS = YES_ERROR;
				CLANG_WARN_RANGE_LOOP_ANALYSIS = YES;
				CLANG_WARN_STRICT_PROTOTYPES = YES;
				CLANG_WARN_SUSPICIOUS_MOVE = YES;
				CLANG_WARN_UNGUARDED_AVAILABILITY = YES_AGGRESSIVE;
				CLANG_WARN_UNREACHABLE_CODE = YES;
				CLANG_WARN__DUPLICATE_METHOD_MATCH = YES;
				COPY_PHASE_STRIP = NO;
				DEBUG_INFORMATION_FORMAT = dwarf;
				ENABLE_STRICT_OBJC_MSGSEND = YES;
				ENABLE_TESTABILITY = YES;
				GCC_C_LANGUAGE_STANDARD = gnu11;
				GCC_DYNAMIC_NO_PIC = NO;
				GCC_NO_COMMON_BLOCKS = YES;
				GCC_OPTIMIZATION_LEVEL = 0;
				GCC_PREPROCESSOR_DEFINITIONS = (
					"DEBUG=1",
					"$(inherited)",
				);
				GCC_WARN_64_TO_32_BIT_CONVERSION = YES;
				GCC_WARN_ABOUT_RETURN_TYPE = YES_ERROR;
				GCC_WARN_UNDECLARED_SELECTOR = YES;
				GCC_WARN_UNINITIALIZED_AUTOS = YES_AGGRESSIVE;
				GCC_WARN_UNUSED_FUNCTION = YES;
				GCC_WARN_UNUSED_VARIABLE = YES;
				IPHONEOS_DEPLOYMENT_TARGET = 13.0;
				MTL_ENABLE_DEBUG_INFO = INCLUDE_SOURCE;
				MTL_FAST_MATH = YES;
				ONLY_ACTIVE_ARCH = YES;
				SDKROOT = iphoneos;
				SWIFT_ACTIVE_COMPILATION_CONDITIONS = DEBUG;
				SWIFT_OPTIMIZATION_LEVEL = "-Onone";
			};
			name = Debug;
		};
		C81131FC22E2F9F2008DCEDA /* Release */ = {
			isa = XCBuildConfiguration;
			buildSettings = {
				ALWAYS_SEARCH_USER_PATHS = NO;
				CLANG_ANALYZER_NONNULL = YES;
				CLANG_ANALYZER_NUMBER_OBJECT_CONVERSION = YES_AGGRESSIVE;
				CLANG_CXX_LANGUAGE_STANDARD = "gnu++14";
				CLANG_CXX_LIBRARY = "libc++";
				CLANG_ENABLE_MODULES = YES;
				CLANG_ENABLE_OBJC_ARC = YES;
				CLANG_ENABLE_OBJC_WEAK = YES;
				CLANG_WARN_BLOCK_CAPTURE_AUTORELEASING = YES;
				CLANG_WARN_BOOL_CONVERSION = YES;
				CLANG_WARN_COMMA = YES;
				CLANG_WARN_CONSTANT_CONVERSION = YES;
				CLANG_WARN_DEPRECATED_OBJC_IMPLEMENTATIONS = YES;
				CLANG_WARN_DIRECT_OBJC_ISA_USAGE = YES_ERROR;
				CLANG_WARN_DOCUMENTATION_COMMENTS = YES;
				CLANG_WARN_EMPTY_BODY = YES;
				CLANG_WARN_ENUM_CONVERSION = YES;
				CLANG_WARN_INFINITE_RECURSION = YES;
				CLANG_WARN_INT_CONVERSION = YES;
				CLANG_WARN_NON_LITERAL_NULL_CONVERSION = YES;
				CLANG_WARN_OBJC_IMPLICIT_RETAIN_SELF = YES;
				CLANG_WARN_OBJC_LITERAL_CONVERSION = YES;
				CLANG_WARN_OBJC_ROOT_CLASS = YES_ERROR;
				CLANG_WARN_RANGE_LOOP_ANALYSIS = YES;
				CLANG_WARN_STRICT_PROTOTYPES = YES;
				CLANG_WARN_SUSPICIOUS_MOVE = YES;
				CLANG_WARN_UNGUARDED_AVAILABILITY = YES_AGGRESSIVE;
				CLANG_WARN_UNREACHABLE_CODE = YES;
				CLANG_WARN__DUPLICATE_METHOD_MATCH = YES;
				COPY_PHASE_STRIP = NO;
				DEBUG_INFORMATION_FORMAT = "dwarf-with-dsym";
				ENABLE_NS_ASSERTIONS = NO;
				ENABLE_STRICT_OBJC_MSGSEND = YES;
				GCC_C_LANGUAGE_STANDARD = gnu11;
				GCC_NO_COMMON_BLOCKS = YES;
				GCC_WARN_64_TO_32_BIT_CONVERSION = YES;
				GCC_WARN_ABOUT_RETURN_TYPE = YES_ERROR;
				GCC_WARN_UNDECLARED_SELECTOR = YES;
				GCC_WARN_UNINITIALIZED_AUTOS = YES_AGGRESSIVE;
				GCC_WARN_UNUSED_FUNCTION = YES;
				GCC_WARN_UNUSED_VARIABLE = YES;
				IPHONEOS_DEPLOYMENT_TARGET = 13.0;
				MTL_ENABLE_DEBUG_INFO = NO;
				MTL_FAST_MATH = YES;
				SDKROOT = iphoneos;
				SWIFT_COMPILATION_MODE = wholemodule;
				SWIFT_OPTIMIZATION_LEVEL = "-O";
				VALIDATE_PRODUCT = YES;
			};
			name = Release;
		};
		C81131FE22E2F9F2008DCEDA /* Debug */ = {
			isa = XCBuildConfiguration;
			buildSettings = {
				ASSETCATALOG_COMPILER_APPICON_NAME = AppIcon;
				CODE_SIGN_STYLE = Automatic;
				DEVELOPMENT_TEAM = XJPC47UM3W;
				INFOPLIST_FILE = UIContextMenu/Info.plist;
				LD_RUNPATH_SEARCH_PATHS = (
					"$(inherited)",
					"@executable_path/Frameworks",
				);
				PRODUCT_BUNDLE_IDENTIFIER = com.augmentedcode.UIContextMenu;
				PRODUCT_NAME = "$(TARGET_NAME)";
				SWIFT_VERSION = 5.0;
				TARGETED_DEVICE_FAMILY = "1,2";
			};
			name = Debug;
		};
		C81131FF22E2F9F2008DCEDA /* Release */ = {
			isa = XCBuildConfiguration;
			buildSettings = {
				ASSETCATALOG_COMPILER_APPICON_NAME = AppIcon;
				CODE_SIGN_STYLE = Automatic;
				DEVELOPMENT_TEAM = XJPC47UM3W;
				INFOPLIST_FILE = UIContextMenu/Info.plist;
				LD_RUNPATH_SEARCH_PATHS = (
					"$(inherited)",
					"@executable_path/Frameworks",
				);
				PRODUCT_BUNDLE_IDENTIFIER = com.augmentedcode.UIContextMenu;
				PRODUCT_NAME = "$(TARGET_NAME)";
				SWIFT_VERSION = 5.0;
				TARGETED_DEVICE_FAMILY = "1,2";
			};
			name = Release;
		};
/* End XCBuildConfiguration section */

/* Begin XCConfigurationList section */
		C81131E422E2F9EC008DCEDA /* Build configuration list for PBXProject "UIContextMenu" */ = {
			isa = XCConfigurationList;
			buildConfigurations = (
				C81131FB22E2F9F2008DCEDA /* Debug */,
				C81131FC22E2F9F2008DCEDA /* Release */,
			);
			defaultConfigurationIsVisible = 0;
			defaultConfigurationName = Release;
		};
		C81131FD22E2F9F2008DCEDA /* Build configuration list for PBXNativeTarget "UIContextMenu" */ = {
			isa = XCConfigurationList;
			buildConfigurations = (
				C81131FE22E2F9F2008DCEDA /* Debug */,
				C81131FF22E2F9F2008DCEDA /* Release */,
			);
			defaultConfigurationIsVisible = 0;
			defaultConfigurationName = Release;
		};
/* End XCConfigurationList section */
	};
	rootObject = C81131E122E2F9EC008DCEDA /* Project object */;
}
